
Microsoft Visual Studio Solution File, Format Version 12.00
# Visual Studio Version 16
VisualStudioVersion = 16.0.28705.295
MinimumVisualStudioVersion = 10.0.40219.1
Project("{FAE04EC0-301F-11D3-BF4B-00C04F79EFBC}") = "foursquare-neophyte.Droid", "foursquare-neophyte.Droid\foursquare-neophyte.Droid.csproj", "{3DB7D852-A515-49B6-8047-38ECDC4BF906}"
EndProject
Global
	GlobalSection(SolutionConfigurationPlatforms) = preSolution
		Debug|Any CPU = Debug|Any CPU
		Debug|iPhone = Debug|iPhone
		Debug|iPhoneSimulator = Debug|iPhoneSimulator
		Release|Any CPU = Release|Any CPU
		Release|iPhone = Release|iPhone
		Release|iPhoneSimulator = Release|iPhoneSimulator
	EndGlobalSection
	GlobalSection(ProjectConfigurationPlatforms) = postSolution
		{3DB7D852-A515-49B6-8047-38ECDC4BF906}.Debug|Any CPU.ActiveCfg = Debug|Any CPU
		{3DB7D852-A515-49B6-8047-38ECDC4BF906}.Debug|Any CPU.Build.0 = Debug|Any CPU
		{3DB7D852-A515-49B6-8047-38ECDC4BF906}.Debug|Any CPU.Deploy.0 = Debug|Any CPU
		{3DB7D852-A515-49B6-8047-38ECDC4BF906}.Debug|iPhone.ActiveCfg = Debug|Any CPU
		{3DB7D852-A515-49B6-8047-38ECDC4BF906}.Debug|iPhone.Build.0 = Debug|Any CPU
		{3DB7D852-A515-49B6-8047-38ECDC4BF906}.Debug|iPhone.Deploy.0 = Debug|Any CPU
		{3DB7D852-A515-49B6-8047-38ECDC4BF906}.Debug|iPhoneSimulator.ActiveCfg = Debug|Any CPU
		{3DB7D852-A515-49B6-8047-38ECDC4BF906}.Debug|iPhoneSimulator.Build.0 = Debug|Any CPU
		{3DB7D852-A515-49B6-8047-38ECDC4BF906}.Debug|iPhoneSimulator.Deploy.0 = Debug|Any CPU
		{3DB7D852-A515-49B6-8047-38ECDC4BF906}.Release|Any CPU.ActiveCfg = Release|Any CPU
		{3DB7D852-A515-49B6-8047-38ECDC4BF906}.Release|Any CPU.Build.0 = Release|Any CPU
		{3DB7D852-A515-49B6-8047-38ECDC4BF906}.Release|Any CPU.Deploy.0 = Release|Any CPU
		{3DB7D852-A515-49B6-8047-38ECDC4BF906}.Release|iPhone.ActiveCfg = Release|Any CPU
		{3DB7D852-A515-49B6-8047-38ECDC4BF906}.Release|iPhone.Build.0 = Release|Any CPU
		{3DB7D852-A515-49B6-8047-38ECDC4BF906}.Release|iPhone.Deploy.0 = Release|Any CPU
		{3DB7D852-A515-49B6-8047-38ECDC4BF906}.Release|iPhoneSimulator.ActiveCfg = Release|Any CPU
		{3DB7D852-A515-49B6-8047-38ECDC4BF906}.Release|iPhoneSimulator.Build.0 = Release|Any CPU
		{3DB7D852-A515-49B6-8047-38ECDC4BF906}.Release|iPhoneSimulator.Deploy.0 = Release|Any CPU
	EndGlobalSection
	GlobalSection(SolutionProperties) = preSolution
		HideSolutionNode = FALSE
	EndGlobalSection
	GlobalSection(ExtensibilityGlobals) = postSolution
		SolutionGuid = {5E3D1B96-6C05-4424-97DB-EAABF4DF2FEF}
	EndGlobalSection
EndGlobal
